
Microsoft Visual Studio Solution File, Format Version 12.00
# Visual Studio Version 17
VisualStudioVersion = 17.10.35013.160
MinimumVisualStudioVersion = 10.0.40219.1
Project("{FAE04EC0-301F-11D3-BF4B-00C04F79EFBC}") = "SubscriberCarrinhoFeito", "SubscriberCarrinhoFeito\SubscriberCarrinhoFeito.csproj", "{46B63DA5-BD8E-4191-8504-6BE875908CA1}"
EndProject
Global
	GlobalSection(SolutionConfigurationPlatforms) = preSolution
		Debug|Any CPU = Debug|Any CPU
		Release|Any CPU = Release|Any CPU
	EndGlobalSection
	GlobalSection(ProjectConfigurationPlatforms) = postSolution
		{46B63DA5-BD8E-4191-8504-6BE875908CA1}.Debug|Any CPU.ActiveCfg = Debug|Any CPU
		{46B63DA5-BD8E-4191-8504-6BE875908CA1}.Debug|Any CPU.Build.0 = Debug|Any CPU
		{46B63DA5-BD8E-4191-8504-6BE875908CA1}.Release|Any CPU.ActiveCfg = Release|Any CPU
		{46B63DA5-BD8E-4191-8504-6BE875908CA1}.Release|Any CPU.Build.0 = Release|Any CPU
	EndGlobalSection
	GlobalSection(SolutionProperties) = preSolution
		HideSolutionNode = FALSE
	EndGlobalSection
	GlobalSection(ExtensibilityGlobals) = postSolution
		SolutionGuid = {3304194B-988C-4DF4-B501-45010645A249}
	EndGlobalSection
EndGlobal
