
Microsoft Visual Studio Solution File, Format Version 12.00
# Visual Studio Version 17
VisualStudioVersion = 17.13.35931.197 d17.13
MinimumVisualStudioVersion = 10.0.40219.1
Project("{FAE04EC0-301F-11D3-BF4B-00C04F79EFBC}") = "AppPublisherCarrinho", "AppPublisherCarrinho\AppPublisherCarrinho.csproj", "{0EF4A85B-4608-4717-90CB-0A89E011C25B}"
EndProject
Project("{FAE04EC0-301F-11D3-BF4B-00C04F79EFBC}") = "AppSubscriberCarrinho", "AppSubscriberCarrinho\AppSubscriberCarrinho.csproj", "{69E6ED5B-73A9-4C5F-A41E-1493365038DD}"
EndProject
Global
	GlobalSection(SolutionConfigurationPlatforms) = preSolution
		Debug|Any CPU = Debug|Any CPU
		Release|Any CPU = Release|Any CPU
	EndGlobalSection
	GlobalSection(ProjectConfigurationPlatforms) = postSolution
		{0EF4A85B-4608-4717-90CB-0A89E011C25B}.Debug|Any CPU.ActiveCfg = Debug|Any CPU
		{0EF4A85B-4608-4717-90CB-0A89E011C25B}.Debug|Any CPU.Build.0 = Debug|Any CPU
		{0EF4A85B-4608-4717-90CB-0A89E011C25B}.Release|Any CPU.ActiveCfg = Release|Any CPU
		{0EF4A85B-4608-4717-90CB-0A89E011C25B}.Release|Any CPU.Build.0 = Release|Any CPU
		{69E6ED5B-73A9-4C5F-A41E-1493365038DD}.Debug|Any CPU.ActiveCfg = Debug|Any CPU
		{69E6ED5B-73A9-4C5F-A41E-1493365038DD}.Debug|Any CPU.Build.0 = Debug|Any CPU
		{69E6ED5B-73A9-4C5F-A41E-1493365038DD}.Release|Any CPU.ActiveCfg = Release|Any CPU
		{69E6ED5B-73A9-4C5F-A41E-1493365038DD}.Release|Any CPU.Build.0 = Release|Any CPU
	EndGlobalSection
	GlobalSection(SolutionProperties) = preSolution
		HideSolutionNode = FALSE
	EndGlobalSection
	GlobalSection(ExtensibilityGlobals) = postSolution
		SolutionGuid = {6ACD3B21-FFFD-4582-AE30-AA9AB72D11CF}
	EndGlobalSection
EndGlobal
