
Microsoft Visual Studio Solution File, Format Version 12.00
# Visual Studio Version 17
VisualStudioVersion = 17.13.35931.197
MinimumVisualStudioVersion = 10.0.40219.1
Project("{FAE04EC0-301F-11D3-BF4B-00C04F79EFBC}") = "AppPublisherPedido", "PublisherPedido\AppPublisherPedido.csproj", "{CDB76072-170E-4A09-89D0-345FAA3BC90B}"
EndProject
Project("{FAE04EC0-301F-11D3-BF4B-00C04F79EFBC}") = "AppSubscriberPedido", "AppSubscriberPedido\AppSubscriberPedido.csproj", "{C415D3F1-F178-4014-8C8F-6C545B93AC08}"
EndProject
Global
	GlobalSection(SolutionConfigurationPlatforms) = preSolution
		Debug|Any CPU = Debug|Any CPU
		Release|Any CPU = Release|Any CPU
	EndGlobalSection
	GlobalSection(ProjectConfigurationPlatforms) = postSolution
		{CDB76072-170E-4A09-89D0-345FAA3BC90B}.Debug|Any CPU.ActiveCfg = Debug|Any CPU
		{CDB76072-170E-4A09-89D0-345FAA3BC90B}.Debug|Any CPU.Build.0 = Debug|Any CPU
		{CDB76072-170E-4A09-89D0-345FAA3BC90B}.Release|Any CPU.ActiveCfg = Release|Any CPU
		{CDB76072-170E-4A09-89D0-345FAA3BC90B}.Release|Any CPU.Build.0 = Release|Any CPU
		{C415D3F1-F178-4014-8C8F-6C545B93AC08}.Debug|Any CPU.ActiveCfg = Debug|Any CPU
		{C415D3F1-F178-4014-8C8F-6C545B93AC08}.Debug|Any CPU.Build.0 = Debug|Any CPU
		{C415D3F1-F178-4014-8C8F-6C545B93AC08}.Release|Any CPU.ActiveCfg = Release|Any CPU
		{C415D3F1-F178-4014-8C8F-6C545B93AC08}.Release|Any CPU.Build.0 = Release|Any CPU
	EndGlobalSection
	GlobalSection(SolutionProperties) = preSolution
		HideSolutionNode = FALSE
	EndGlobalSection
	GlobalSection(ExtensibilityGlobals) = postSolution
		SolutionGuid = {CBB5F9A9-85D1-460D-A3F8-E88D252BD4EB}
	EndGlobalSection
EndGlobal
