
Microsoft Visual Studio Solution File, Format Version 12.00
# Visual Studio Version 17
VisualStudioVersion = 17.13.35931.197 d17.13
MinimumVisualStudioVersion = 10.0.40219.1
Project("{FAE04EC0-301F-11D3-BF4B-00C04F79EFBC}") = "AppPublisherStatusPedido", "AppPublisherStatusPedido\AppPublisherStatusPedido.csproj", "{70EE35E1-DFE0-475D-B5D5-4F5F1CE69DAE}"
EndProject
Project("{FAE04EC0-301F-11D3-BF4B-00C04F79EFBC}") = "AppSubscriberStatusPedido", "AppSubscriberStatusPedido\AppSubscriberStatusPedido.csproj", "{6F5456AA-E767-427D-A1E7-9FD53FB2515D}"
EndProject
Global
	GlobalSection(SolutionConfigurationPlatforms) = preSolution
		Debug|Any CPU = Debug|Any CPU
		Release|Any CPU = Release|Any CPU
	EndGlobalSection
	GlobalSection(ProjectConfigurationPlatforms) = postSolution
		{70EE35E1-DFE0-475D-B5D5-4F5F1CE69DAE}.Debug|Any CPU.ActiveCfg = Debug|Any CPU
		{70EE35E1-DFE0-475D-B5D5-4F5F1CE69DAE}.Debug|Any CPU.Build.0 = Debug|Any CPU
		{70EE35E1-DFE0-475D-B5D5-4F5F1CE69DAE}.Release|Any CPU.ActiveCfg = Release|Any CPU
		{70EE35E1-DFE0-475D-B5D5-4F5F1CE69DAE}.Release|Any CPU.Build.0 = Release|Any CPU
		{6F5456AA-E767-427D-A1E7-9FD53FB2515D}.Debug|Any CPU.ActiveCfg = Debug|Any CPU
		{6F5456AA-E767-427D-A1E7-9FD53FB2515D}.Debug|Any CPU.Build.0 = Debug|Any CPU
		{6F5456AA-E767-427D-A1E7-9FD53FB2515D}.Release|Any CPU.ActiveCfg = Release|Any CPU
		{6F5456AA-E767-427D-A1E7-9FD53FB2515D}.Release|Any CPU.Build.0 = Release|Any CPU
	EndGlobalSection
	GlobalSection(SolutionProperties) = preSolution
		HideSolutionNode = FALSE
	EndGlobalSection
	GlobalSection(ExtensibilityGlobals) = postSolution
		SolutionGuid = {69BD8295-3D63-4070-B682-01B9F3D13ECA}
	EndGlobalSection
EndGlobal
