
Microsoft Visual Studio Solution File, Format Version 12.00
# Visual Studio Version 17
VisualStudioVersion = 17.13.35931.197 d17.13
MinimumVisualStudioVersion = 10.0.40219.1
Project("{FAE04EC0-301F-11D3-BF4B-00C04F79EFBC}") = "AppPublisherEmail", "AppPublisherEmail\AppPublisherEmail.csproj", "{8405212C-3E44-4076-A76B-AFC81C2B8B1B}"
EndProject
Project("{FAE04EC0-301F-11D3-BF4B-00C04F79EFBC}") = "AppSubscriberEmail", "AppSubscriberEmail\AppSubscriberEmail.csproj", "{D724BA68-AE6A-4E44-B2F8-8477CE5EFE68}"
EndProject
Global
	GlobalSection(SolutionConfigurationPlatforms) = preSolution
		Debug|Any CPU = Debug|Any CPU
		Release|Any CPU = Release|Any CPU
	EndGlobalSection
	GlobalSection(ProjectConfigurationPlatforms) = postSolution
		{8405212C-3E44-4076-A76B-AFC81C2B8B1B}.Debug|Any CPU.ActiveCfg = Debug|Any CPU
		{8405212C-3E44-4076-A76B-AFC81C2B8B1B}.Debug|Any CPU.Build.0 = Debug|Any CPU
		{8405212C-3E44-4076-A76B-AFC81C2B8B1B}.Release|Any CPU.ActiveCfg = Release|Any CPU
		{8405212C-3E44-4076-A76B-AFC81C2B8B1B}.Release|Any CPU.Build.0 = Release|Any CPU
		{D724BA68-AE6A-4E44-B2F8-8477CE5EFE68}.Debug|Any CPU.ActiveCfg = Debug|Any CPU
		{D724BA68-AE6A-4E44-B2F8-8477CE5EFE68}.Debug|Any CPU.Build.0 = Debug|Any CPU
		{D724BA68-AE6A-4E44-B2F8-8477CE5EFE68}.Release|Any CPU.ActiveCfg = Release|Any CPU
		{D724BA68-AE6A-4E44-B2F8-8477CE5EFE68}.Release|Any CPU.Build.0 = Release|Any CPU
	EndGlobalSection
	GlobalSection(SolutionProperties) = preSolution
		HideSolutionNode = FALSE
	EndGlobalSection
	GlobalSection(ExtensibilityGlobals) = postSolution
		SolutionGuid = {95811D67-3C21-4563-94C5-B66DFBE62CCE}
	EndGlobalSection
EndGlobal
