
Microsoft Visual Studio Solution File, Format Version 12.00
# Visual Studio Version 17
VisualStudioVersion = 17.10.35013.160
MinimumVisualStudioVersion = 10.0.40219.1
Project("{2150E333-8FDC-42A3-9474-1A3956D46DE8}") = "1-Presentation", "1-Presentation", "{DFFFA3F1-7753-4D8A-B5FA-9C5DFFCE465B}"
EndProject
Project("{2150E333-8FDC-42A3-9474-1A3956D46DE8}") = "2-Domain", "2-Domain", "{3A5D5F67-EAFB-4F1D-B362-7CC8DA6A29DE}"
EndProject
Project("{2150E333-8FDC-42A3-9474-1A3956D46DE8}") = "3-API", "3-API", "{55712AB4-FC77-4E87-959F-0AB2E527AC44}"
EndProject
Project("{2150E333-8FDC-42A3-9474-1A3956D46DE8}") = "4-Infra", "4-Infra", "{DAFDF038-4599-4D36-B6D0-0463D6E5110D}"
EndProject
Project("{FAE04EC0-301F-11D3-BF4B-00C04F79EFBC}") = "Domain", "Domain\Domain.csproj", "{A5297EA8-4145-4E0C-B154-4E962412AC87}"
EndProject
Global
	GlobalSection(SolutionConfigurationPlatforms) = preSolution
		Debug|Any CPU = Debug|Any CPU
		Release|Any CPU = Release|Any CPU
	EndGlobalSection
	GlobalSection(ProjectConfigurationPlatforms) = postSolution
		{A5297EA8-4145-4E0C-B154-4E962412AC87}.Debug|Any CPU.ActiveCfg = Debug|Any CPU
		{A5297EA8-4145-4E0C-B154-4E962412AC87}.Debug|Any CPU.Build.0 = Debug|Any CPU
		{A5297EA8-4145-4E0C-B154-4E962412AC87}.Release|Any CPU.ActiveCfg = Release|Any CPU
		{A5297EA8-4145-4E0C-B154-4E962412AC87}.Release|Any CPU.Build.0 = Release|Any CPU
	EndGlobalSection
	GlobalSection(SolutionProperties) = preSolution
		HideSolutionNode = FALSE
	EndGlobalSection
	GlobalSection(NestedProjects) = preSolution
		{A5297EA8-4145-4E0C-B154-4E962412AC87} = {3A5D5F67-EAFB-4F1D-B362-7CC8DA6A29DE}
	EndGlobalSection
	GlobalSection(ExtensibilityGlobals) = postSolution
		SolutionGuid = {5205B553-165E-4535-BDCA-79ED560A1FAB}
	EndGlobalSection
EndGlobal
